{
  "version": 4,
  "terraform_version": "1.13.3",
  "serial": 3,
  "lineage": "91eec9d4-94b6-addf-acaa-b6a5ed2eb325",
  "outputs": {},
  "resources": [
    {
      "mode": "managed",
      "type": "github_repository",
      "name": "this",
      "provider": "provider[\"registry.terraform.io/integrations/github\"]",
      "instances": [
        {
          "schema_version": 1,
          "attributes": {
            "allow_auto_merge": true,
            "allow_merge_commit": false,
            "allow_rebase_merge": false,
            "allow_squash_merge": true,
            "allow_update_branch": false,
            "archive_on_destroy": null,
            "archived": false,
            "auto_init": false,
            "default_branch": "main",
            "delete_branch_on_merge": true,
            "description": "Example code for release-engineering blogpost",
            "etag": "W/\"67bf015ca28d7bbd259343ef9b9047914fcc3c65ffcbc685c082864e22066ade\"",
            "full_name": "kevcube/release-engineering-example",
            "git_clone_url": "git://github.com/kevcube/release-engineering-example.git",
            "gitignore_template": null,
            "has_discussions": false,
            "has_downloads": false,
            "has_issues": false,
            "has_projects": false,
            "has_wiki": false,
            "homepage_url": "https://icecube.dog/release-engineering",
            "html_url": "https://github.com/kevcube/release-engineering-example",
            "http_clone_url": "https://github.com/kevcube/release-engineering-example.git",
            "id": "release-engineering-example",
            "ignore_vulnerability_alerts_during_read": null,
            "is_template": false,
            "license_template": null,
            "merge_commit_message": "PR_TITLE",
            "merge_commit_title": "MERGE_MESSAGE",
            "name": "release-engineering-example",
            "node_id": "R_kgDOP607pQ",
            "pages": [],
            "primary_language": "",
            "private": false,
            "repo_id": 1068317605,
            "security_and_analysis": [
              {
                "advanced_security": [],
                "secret_scanning": [
                  {
                    "status": "enabled"
                  }
                ],
                "secret_scanning_push_protection": [
                  {
                    "status": "enabled"
                  }
                ]
              }
            ],
            "squash_merge_commit_message": "COMMIT_MESSAGES",
            "squash_merge_commit_title": "PR_TITLE",
            "ssh_clone_url": "git@github.com:kevcube/release-engineering-example.git",
            "svn_url": "https://github.com/kevcube/release-engineering-example",
            "template": [],
            "topics": [],
            "visibility": "public",
            "vulnerability_alerts": false,
            "web_commit_signoff_required": false
          },
          "sensitive_attributes": [],
          "identity_schema_version": 0,
          "private": "eyJzY2hlbWFfdmVyc2lvbiI6IjEifQ=="
        }
      ]
    }
  ],
  "check_results": null
}
